
Microsoft Visual Studio Solution File, Format Version 12.00
# Visual Studio Version 16
VisualStudioVersion = 16.0.32901.82
MinimumVisualStudioVersion = 10.0.40219.1
Project("{FAE04EC0-301F-11D3-BF4B-00C04F79EFBC}") = "Calculator", "Calculator\Calculator.csproj", "{E8FA0F85-6BD6-42A6-B0F9-4F00D73173F7}"
EndProject
Global
	GlobalSection(SolutionConfigurationPlatforms) = preSolution
		Debug|Any CPU = Debug|Any CPU
		Release|Any CPU = Release|Any CPU
	EndGlobalSection
	GlobalSection(ProjectConfigurationPlatforms) = postSolution
		{E8FA0F85-6BD6-42A6-B0F9-4F00D73173F7}.Debug|Any CPU.ActiveCfg = Debug|Any CPU
		{E8FA0F85-6BD6-42A6-B0F9-4F00D73173F7}.Debug|Any CPU.Build.0 = Debug|Any CPU
		{E8FA0F85-6BD6-42A6-B0F9-4F00D73173F7}.Release|Any CPU.ActiveCfg = Release|Any CPU
		{E8FA0F85-6BD6-42A6-B0F9-4F00D73173F7}.Release|Any CPU.Build.0 = Release|Any CPU
	EndGlobalSection
	GlobalSection(SolutionProperties) = preSolution
		HideSolutionNode = FALSE
	EndGlobalSection
	GlobalSection(ExtensibilityGlobals) = postSolution
		SolutionGuid = {2AB3EB10-5E46-4277-8136-1A317262BD7A}
	EndGlobalSection
EndGlobal
